// !$*UTF8*$!
{
	archiveVersion = 1;
	classes = {
	};
	objectVersion = 55;
	objects = {

/* Begin PBXBuildFile section */
		8F145F2D28B04EEE00E4D1BE /* AppDelegate.swift in Sources */ = {isa = PBXBuildFile; fileRef = 8F145F2C28B04EEE00E4D1BE /* AppDelegate.swift */; };
		8F145F2F28B04EEE00E4D1BE /* SceneDelegate.swift in Sources */ = {isa = PBXBuildFile; fileRef = 8F145F2E28B04EEE00E4D1BE /* SceneDelegate.swift */; };
		8F145F3128B04EEE00E4D1BE /* ViewController.swift in Sources */ = {isa = PBXBuildFile; fileRef = 8F145F3028B04EEE00E4D1BE /* ViewController.swift */; };
		8F145F3428B04EEE00E4D1BE /* Main.storyboard in Resources */ = {isa = PBXBuildFile; fileRef = 8F145F3228B04EEE00E4D1BE /* Main.storyboard */; };
		8F145F3628B04EF100E4D1BE /* Assets.xcassets in Resources */ = {isa = PBXBuildFile; fileRef = 8F145F3528B04EF100E4D1BE /* Assets.xcassets */; };
		8F145F3928B04EF100E4D1BE /* LaunchScreen.storyboard in Resources */ = {isa = PBXBuildFile; fileRef = 8F145F3728B04EF100E4D1BE /* LaunchScreen.storyboard */; };
		8F145F4428B04EF100E4D1BE /* PreworkTests.swift in Sources */ = {isa = PBXBuildFile; fileRef = 8F145F4328B04EF100E4D1BE /* PreworkTests.swift */; };
		8F145F4E28B04EF100E4D1BE /* PreworkUITests.swift in Sources */ = {isa = PBXBuildFile; fileRef = 8F145F4D28B04EF100E4D1BE /* PreworkUITests.swift */; };
		8F145F5028B04EF100E4D1BE /* PreworkUITestsLaunchTests.swift in Sources */ = {isa = PBXBuildFile; fileRef = 8F145F4F28B04EF100E4D1BE /* PreworkUITestsLaunchTests.swift */; };
/* End PBXBuildFile section */

/* Begin PBXContainerItemProxy section */
		8F145F4028B04EF100E4D1BE /* PBXContainerItemProxy */ = {
			isa = PBXContainerItemProxy;
			containerPortal = 8F145F2128B04EEE00E4D1BE /* Project object */;
			proxyType = 1;
			remoteGlobalIDString = 8F145F2828B04EEE00E4D1BE;
			remoteInfo = Prework;
		};
		8F145F4A28B04EF100E4D1BE /* PBXContainerItemProxy */ = {
			isa = PBXContainerItemProxy;
			containerPortal = 8F145F2128B04EEE00E4D1BE /* Project object */;
			proxyType = 1;
			remoteGlobalIDString = 8F145F2828B04EEE00E4D1BE;
			remoteInfo = Prework;
		};
/* End PBXContainerItemProxy section */

/* Begin PBXFileReference section */
		8F145F2928B04EEE00E4D1BE /* Prework.app */ = {isa = PBXFileReference; explicitFileType = wrapper.application; includeInIndex = 0; path = Prework.app; sourceTree = BUILT_PRODUCTS_DIR; };
		8F145F2C28B04EEE00E4D1BE /* AppDelegate.swift */ = {isa = PBXFileReference; lastKnownFileType = sourcecode.swift; path = AppDelegate.swift; sourceTree = "<group>"; };
		8F145F2E28B04EEE00E4D1BE /* SceneDelegate.swift */ = {isa = PBXFileReference; lastKnownFileType = sourcecode.swift; path = SceneDelegate.swift; sourceTree = "<group>"; };
		8F145F3028B04EEE00E4D1BE /* ViewController.swift */ = {isa = PBXFileReference; lastKnownFileType = sourcecode.swift; path = ViewController.swift; sourceTree = "<group>"; };
		8F145F3328B04EEE00E4D1BE /* Base */ = {isa = PBXFileReference; lastKnownFileType = file.storyboard; name = Base; path = Base.lproj/Main.storyboard; sourceTree = "<group>"; };
		8F145F3528B04EF100E4D1BE /* Assets.xcassets */ = {isa = PBXFileReference; lastKnownFileType = folder.assetcatalog; path = Assets.xcassets; sourceTree = "<group>"; };
		8F145F3828B04EF100E4D1BE /* Base */ = {isa = PBXFileReference; lastKnownFileType = file.storyboard; name = Base; path = Base.lproj/LaunchScreen.storyboard; sourceTree = "<group>"; };
		8F145F3A28B04EF100E4D1BE /* Info.plist */ = {isa = PBXFileReference; lastKnownFileType = text.plist.xml; path = Info.plist; sourceTree = "<group>"; };
		8F145F3F28B04EF100E4D1BE /* PreworkTests.xctest */ = {isa = PBXFileReference; explicitFileType = wrapper.cfbundle; includeInIndex = 0; path = PreworkTests.xctest; sourceTree = BUILT_PRODUCTS_DIR; };
		8F145F4328B04EF100E4D1BE /* PreworkTests.swift */ = {isa = PBXFileReference; lastKnownFileType = sourcecode.swift; path = PreworkTests.swift; sourceTree = "<group>"; };
		8F145F4928B04EF100E4D1BE /* PreworkUITests.xctest */ = {isa = PBXFileReference; explicitFileType = wrapper.cfbundle; includeInIndex = 0; path = PreworkUITests.xctest; sourceTree = BUILT_PRODUCTS_DIR; };
		8F145F4D28B04EF100E4D1BE /* PreworkUITests.swift */ = {isa = PBXFileReference; lastKnownFileType = sourcecode.swift; path = PreworkUITests.swift; sourceTree = "<group>"; };
		8F145F4F28B04EF100E4D1BE /* PreworkUITestsLaunchTests.swift */ = {isa = PBXFileReference; lastKnownFileType = sourcecode.swift; path = PreworkUITestsLaunchTests.swift; sourceTree = "<group>"; };
/* End PBXFileReference section */

/* Begin PBXFrameworksBuildPhase section */
		8F145F2628B04EEE00E4D1BE /* Frameworks */ = {
			isa = PBXFrameworksBuildPhase;
			buildActionMask = 2147483647;
			files = (
			);
			runOnlyForDeploymentPostprocessing = 0;
		};
		8F145F3C28B04EF100E4D1BE /* Frameworks */ = {
			isa = PBXFrameworksBuildPhase;
			buildActionMask = 2147483647;
			files = (
			);
			runOnlyForDeploymentPostprocessing = 0;
		};
		8F145F4628B04EF100E4D1BE /* Frameworks */ = {
			isa = PBXFrameworksBuildPhase;
			buildActionMask = 2147483647;
			files = (
			);
			runOnlyForDeploymentPostprocessing = 0;
		};
/* End PBXFrameworksBuildPhase section */

/* Begin PBXGroup section */
		8F145F2028B04EEE00E4D1BE = {
			isa = PBXGroup;
			children = (
				8F145F2B28B04EEE00E4D1BE /* Prework */,
				8F145F4228B04EF100E4D1BE /* PreworkTests */,
				8F145F4C28B04EF100E4D1BE /* PreworkUITests */,
				8F145F2A28B04EEE00E4D1BE /* Products */,
			);
			sourceTree = "<group>";
		};
		8F145F2A28B04EEE00E4D1BE /* Products */ = {
			isa = PBXGroup;
			children = (
				8F145F2928B04EEE00E4D1BE /* Prework.app */,
				8F145F3F28B04EF100E4D1BE /* PreworkTests.xctest */,
				8F145F4928B04EF100E4D1BE /* PreworkUITests.xctest */,
			);
			name = Products;
			sourceTree = "<group>";
		};
		8F145F2B28B04EEE00E4D1BE /* Prework */ = {
			isa = PBXGroup;
			children = (
				8F145F2C28B04EEE00E4D1BE /* AppDelegate.swift */,
				8F145F2E28B04EEE00E4D1BE /* SceneDelegate.swift */,
				8F145F3028B04EEE00E4D1BE /* ViewController.swift */,
				8F145F3228B04EEE00E4D1BE /* Main.storyboard */,
				8F145F3528B04EF100E4D1BE /* Assets.xcassets */,
				8F145F3728B04EF100E4D1BE /* LaunchScreen.storyboard */,
				8F145F3A28B04EF100E4D1BE /* Info.plist */,
			);
			path = Prework;
			sourceTree = "<group>";
		};
		8F145F4228B04EF100E4D1BE /* PreworkTests */ = {
			isa = PBXGroup;
			children = (
				8F145F4328B04EF100E4D1BE /* PreworkTests.swift */,
			);
			path = PreworkTests;
			sourceTree = "<group>";
		};
		8F145F4C28B04EF100E4D1BE /* PreworkUITests */ = {
			isa = PBXGroup;
			children = (
				8F145F4D28B04EF100E4D1BE /* PreworkUITests.swift */,
				8F145F4F28B04EF100E4D1BE /* PreworkUITestsLaunchTests.swift */,
			);
			path = PreworkUITests;
			sourceTree = "<group>";
		};
/* End PBXGroup section */

/* Begin PBXNativeTarget section */
		8F145F2828B04EEE00E4D1BE /* Prework */ = {
			isa = PBXNativeTarget;
			buildConfigurationList = 8F145F5328B04EF100E4D1BE /* Build configuration list for PBXNativeTarget "Prework" */;
			buildPhases = (
				8F145F2528B04EEE00E4D1BE /* Sources */,
				8F145F2628B04EEE00E4D1BE /* Frameworks */,
				8F145F2728B04EEE00E4D1BE /* Resources */,
			);
			buildRules = (
			);
			dependencies = (
			);
			name = Prework;
			productName = Prework;
			productReference = 8F145F2928B04EEE00E4D1BE /* Prework.app */;
			productType = "com.apple.product-type.application";
		};
		8F145F3E28B04EF100E4D1BE /* PreworkTests */ = {
			isa = PBXNativeTarget;
			buildConfigurationList = 8F145F5628B04EF100E4D1BE /* Build configuration list for PBXNativeTarget "PreworkTests" */;
			buildPhases = (
				8F145F3B28B04EF100E4D1BE /* Sources */,
				8F145F3C28B04EF100E4D1BE /* Frameworks */,
				8F145F3D28B04EF100E4D1BE /* Resources */,
			);
			buildRules = (
			);
			dependencies = (
				8F145F4128B04EF100E4D1BE /* PBXTargetDependency */,
			);
			name = PreworkTests;
			productName = PreworkTests;
			productReference = 8F145F3F28B04EF100E4D1BE /* PreworkTests.xctest */;
			productType = "com.apple.product-type.bundle.unit-test";
		};
		8F145F4828B04EF100E4D1BE /* PreworkUITests */ = {
			isa = PBXNativeTarget;
			buildConfigurationList = 8F145F5928B04EF100E4D1BE /* Build configuration list for PBXNativeTarget "PreworkUITests" */;
			buildPhases = (
				8F145F4528B04EF100E4D1BE /* Sources */,
				8F145F4628B04EF100E4D1BE /* Frameworks */,
				8F145F4728B04EF100E4D1BE /* Resources */,
			);
			buildRules = (
			);
			dependencies = (
				8F145F4B28B04EF100E4D1BE /* PBXTargetDependency */,
			);
			name = PreworkUITests;
			productName = PreworkUITests;
			productReference = 8F145F4928B04EF100E4D1BE /* PreworkUITests.xctest */;
			productType = "com.apple.product-type.bundle.ui-testing";
		};
/* End PBXNativeTarget section */

/* Begin PBXProject section */
		8F145F2128B04EEE00E4D1BE /* Project object */ = {
			isa = PBXProject;
			attributes = {
				BuildIndependentTargetsInParallel = 1;
				LastSwiftUpdateCheck = 1340;
				LastUpgradeCheck = 1340;
				TargetAttributes = {
					8F145F2828B04EEE00E4D1BE = {
						CreatedOnToolsVersion = 13.4.1;
					};
					8F145F3E28B04EF100E4D1BE = {
						CreatedOnToolsVersion = 13.4.1;
						TestTargetID = 8F145F2828B04EEE00E4D1BE;
					};
					8F145F4828B04EF100E4D1BE = {
						CreatedOnToolsVersion = 13.4.1;
						TestTargetID = 8F145F2828B04EEE00E4D1BE;
					};
				};
			};
			buildConfigurationList = 8F145F2428B04EEE00E4D1BE /* Build configuration list for PBXProject "Prework" */;
			compatibilityVersion = "Xcode 13.0";
			developmentRegion = en;
			hasScannedForEncodings = 0;
			knownRegions = (
				en,
				Base,
			);
			mainGroup = 8F145F2028B04EEE00E4D1BE;
			productRefGroup = 8F145F2A28B04EEE00E4D1BE /* Products */;
			projectDirPath = "";
			projectRoot = "";
			targets = (
				8F145F2828B04EEE00E4D1BE /* Prework */,
				8F145F3E28B04EF100E4D1BE /* PreworkTests */,
				8F145F4828B04EF100E4D1BE /* PreworkUITests */,
			);
		};
/* End PBXProject section */

/* Begin PBXResourcesBuildPhase section */
		8F145F2728B04EEE00E4D1BE /* Resources */ = {
			isa = PBXResourcesBuildPhase;
			buildActionMask = 2147483647;
			files = (
				8F145F3928B04EF100E4D1BE /* LaunchScreen.storyboard in Resources */,
				8F145F3628B04EF100E4D1BE /* Assets.xcassets in Resources */,
				8F145F3428B04EEE00E4D1BE /* Main.storyboard in Resources */,
			);
			runOnlyForDeploymentPostprocessing = 0;
		};
		8F145F3D28B04EF100E4D1BE /* Resources */ = {
			isa = PBXResourcesBuildPhase;
			buildActionMask = 2147483647;
			files = (
			);
			runOnlyForDeploymentPostprocessing = 0;
		};
		8F145F4728B04EF100E4D1BE /* Resources */ = {
			isa = PBXResourcesBuildPhase;
			buildActionMask = 2147483647;
			files = (
			);
			runOnlyForDeploymentPostprocessing = 0;
		};
/* End PBXResourcesBuildPhase section */

/* Begin PBXSourcesBuildPhase section */
		8F145F2528B04EEE00E4D1BE /* Sources */ = {
			isa = PBXSourcesBuildPhase;
			buildActionMask = 2147483647;
			files = (
				8F145F3128B04EEE00E4D1BE /* ViewController.swift in Sources */,
				8F145F2D28B04EEE00E4D1BE /* AppDelegate.swift in Sources */,
				8F145F2F28B04EEE00E4D1BE /* SceneDelegate.swift in Sources */,
			);
			runOnlyForDeploymentPostprocessing = 0;
		};
		8F145F3B28B04EF100E4D1BE /* Sources */ = {
			isa = PBXSourcesBuildPhase;
			buildActionMask = 2147483647;
			files = (
				8F145F4428B04EF100E4D1BE /* PreworkTests.swift in Sources */,
			);
			runOnlyForDeploymentPostprocessing = 0;
		};
		8F145F4528B04EF100E4D1BE /* Sources */ = {
			isa = PBXSourcesBuildPhase;
			buildActionMask = 2147483647;
			files = (
				8F145F4E28B04EF100E4D1BE /* PreworkUITests.swift in Sources */,
				8F145F5028B04EF100E4D1BE /* PreworkUITestsLaunchTests.swift in Sources */,
			);
			runOnlyForDeploymentPostprocessing = 0;
		};
/* End PBXSourcesBuildPhase section */

/* Begin PBXTargetDependency section */
		8F145F4128B04EF100E4D1BE /* PBXTargetDependency */ = {
			isa = PBXTargetDependency;
			target = 8F145F2828B04EEE00E4D1BE /* Prework */;
			targetProxy = 8F145F4028B04EF100E4D1BE /* PBXContainerItemProxy */;
		};
		8F145F4B28B04EF100E4D1BE /* PBXTargetDependency */ = {
			isa = PBXTargetDependency;
			target = 8F145F2828B04EEE00E4D1BE /* Prework */;
			targetProxy = 8F145F4A28B04EF100E4D1BE /* PBXContainerItemProxy */;
		};
/* End PBXTargetDependency section */

/* Begin PBXVariantGroup section */
		8F145F3228B04EEE00E4D1BE /* Main.storyboard */ = {
			isa = PBXVariantGroup;
			children = (
				8F145F3328B04EEE00E4D1BE /* Base */,
			);
			name = Main.storyboard;
			sourceTree = "<group>";
		};
		8F145F3728B04EF100E4D1BE /* LaunchScreen.storyboard */ = {
			isa = PBXVariantGroup;
			children = (
				8F145F3828B04EF100E4D1BE /* Base */,
			);
			name = LaunchScreen.storyboard;
			sourceTree = "<group>";
		};
/* End PBXVariantGroup section */

/* Begin XCBuildConfiguration section */
		8F145F5128B04EF100E4D1BE /* Debug */ = {
			isa = XCBuildConfiguration;
			buildSettings = {
				ALWAYS_SEARCH_USER_PATHS = NO;
				CLANG_ANALYZER_NONNULL = YES;
				CLANG_ANALYZER_NUMBER_OBJECT_CONVERSION = YES_AGGRESSIVE;
				CLANG_CXX_LANGUAGE_STANDARD = "gnu++17";
				CLANG_ENABLE_MODULES = YES;
				CLANG_ENABLE_OBJC_ARC = YES;
				CLANG_ENABLE_OBJC_WEAK = YES;
				CLANG_WARN_BLOCK_CAPTURE_AUTORELEASING = YES;
				CLANG_WARN_BOOL_CONVERSION = YES;
				CLANG_WARN_COMMA = YES;
				CLANG_WARN_CONSTANT_CONVERSION = YES;
				CLANG_WARN_DEPRECATED_OBJC_IMPLEMENTATIONS = YES;
				CLANG_WARN_DIRECT_OBJC_ISA_USAGE = YES_ERROR;
				CLANG_WARN_DOCUMENTATION_COMMENTS = YES;
				CLANG_WARN_EMPTY_BODY = YES;
				CLANG_WARN_ENUM_CONVERSION = YES;
				CLANG_WARN_INFINITE_RECURSION = YES;
				CLANG_WARN_INT_CONVERSION = YES;
				CLANG_WARN_NON_LITERAL_NULL_CONVERSION = YES;
				CLANG_WARN_OBJC_IMPLICIT_RETAIN_SELF = YES;
				CLANG_WARN_OBJC_LITERAL_CONVERSION = YES;
				CLANG_WARN_OBJC_ROOT_CLASS = YES_ERROR;
				CLANG_WARN_QUOTED_INCLUDE_IN_FRAMEWORK_HEADER = YES;
				CLANG_WARN_RANGE_LOOP_ANALYSIS = YES;
				CLANG_WARN_STRICT_PROTOTYPES = YES;
				CLANG_WARN_SUSPICIOUS_MOVE = YES;
				CLANG_WARN_UNGUARDED_AVAILABILITY = YES_AGGRESSIVE;
				CLANG_WARN_UNREACHABLE_CODE = YES;
				CLANG_WARN__DUPLICATE_METHOD_MATCH = YES;
				COPY_PHASE_STRIP = NO;
				DEBUG_INFORMATION_FORMAT = dwarf;
				ENABLE_STRICT_OBJC_MSGSEND = YES;
				ENABLE_TESTABILITY = YES;
				GCC_C_LANGUAGE_STANDARD = gnu11;
				GCC_DYNAMIC_NO_PIC = NO;
				GCC_NO_COMMON_BLOCKS = YES;
				GCC_OPTIMIZATION_LEVEL = 0;
				GCC_PREPROCESSOR_DEFINITIONS = (
					"DEBUG=1",
					"$(inherited)",
				);
				GCC_WARN_64_TO_32_BIT_CONVERSION = YES;
				GCC_WARN_ABOUT_RETURN_TYPE = YES_ERROR;
				GCC_WARN_UNDECLARED_SELECTOR = YES;
				GCC_WARN_UNINITIALIZED_AUTOS = YES_AGGRESSIVE;
				GCC_WARN_UNUSED_FUNCTION = YES;
				GCC_WARN_UNUSED_VARIABLE = YES;
				IPHONEOS_DEPLOYMENT_TARGET = 15.5;
				MTL_ENABLE_DEBUG_INFO = INCLUDE_SOURCE;
				MTL_FAST_MATH = YES;
				ONLY_ACTIVE_ARCH = YES;
				SDKROOT = iphoneos;
				SWIFT_ACTIVE_COMPILATION_CONDITIONS = DEBUG;
				SWIFT_OPTIMIZATION_LEVEL = "-Onone";
			};
			name = Debug;
		};
		8F145F5228B04EF100E4D1BE /* Release */ = {
			isa = XCBuildConfiguration;
			buildSettings = {
				ALWAYS_SEARCH_USER_PATHS = NO;
				CLANG_ANALYZER_NONNULL = YES;
				CLANG_ANALYZER_NUMBER_OBJECT_CONVERSION = YES_AGGRESSIVE;
				CLANG_CXX_LANGUAGE_STANDARD = "gnu++17";
				CLANG_ENABLE_MODULES = YES;
				CLANG_ENABLE_OBJC_ARC = YES;
				CLANG_ENABLE_OBJC_WEAK = YES;
				CLANG_WARN_BLOCK_CAPTURE_AUTORELEASING = YES;
				CLANG_WARN_BOOL_CONVERSION = YES;
				CLANG_WARN_COMMA = YES;
				CLANG_WARN_CONSTANT_CONVERSION = YES;
				CLANG_WARN_DEPRECATED_OBJC_IMPLEMENTATIONS = YES;
				CLANG_WARN_DIRECT_OBJC_ISA_USAGE = YES_ERROR;
				CLANG_WARN_DOCUMENTATION_COMMENTS = YES;
				CLANG_WARN_EMPTY_BODY = YES;
				CLANG_WARN_ENUM_CONVERSION = YES;
				CLANG_WARN_INFINITE_RECURSION = YES;
				CLANG_WARN_INT_CONVERSION = YES;
				CLANG_WARN_NON_LITERAL_NULL_CONVERSION = YES;
				CLANG_WARN_OBJC_IMPLICIT_RETAIN_SELF = YES;
				CLANG_WARN_OBJC_LITERAL_CONVERSION = YES;
				CLANG_WARN_OBJC_ROOT_CLASS = YES_ERROR;
				CLANG_WARN_QUOTED_INCLUDE_IN_FRAMEWORK_HEADER = YES;
				CLANG_WARN_RANGE_LOOP_ANALYSIS = YES;
				CLANG_WARN_STRICT_PROTOTYPES = YES;
				CLANG_WARN_SUSPICIOUS_MOVE = YES;
				CLANG_WARN_UNGUARDED_AVAILABILITY = YES_AGGRESSIVE;
				CLANG_WARN_UNREACHABLE_CODE = YES;
				CLANG_WARN__DUPLICATE_METHOD_MATCH = YES;
				COPY_PHASE_STRIP = NO;
				DEBUG_INFORMATION_FORMAT = "dwarf-with-dsym";
				ENABLE_NS_ASSERTIONS = NO;
				ENABLE_STRICT_OBJC_MSGSEND = YES;
				GCC_C_LANGUAGE_STANDARD = gnu11;
				GCC_NO_COMMON_BLOCKS = YES;
				GCC_WARN_64_TO_32_BIT_CONVERSION = YES;
				GCC_WARN_ABOUT_RETURN_TYPE = YES_ERROR;
				GCC_WARN_UNDECLARED_SELECTOR = YES;
				GCC_WARN_UNINITIALIZED_AUTOS = YES_AGGRESSIVE;
				GCC_WARN_UNUSED_FUNCTION = YES;
				GCC_WARN_UNUSED_VARIABLE = YES;
				IPHONEOS_DEPLOYMENT_TARGET = 15.5;
				MTL_ENABLE_DEBUG_INFO = NO;
				MTL_FAST_MATH = YES;
				SDKROOT = iphoneos;
				SWIFT_COMPILATION_MODE = wholemodule;
				SWIFT_OPTIMIZATION_LEVEL = "-O";
				VALIDATE_PRODUCT = YES;
			};
			name = Release;
		};
		8F145F5428B04EF100E4D1BE /* Debug */ = {
			isa = XCBuildConfiguration;
			buildSettings = {
				ASSETCATALOG_COMPILER_APPICON_NAME = AppIcon;
				ASSETCATALOG_COMPILER_GLOBAL_ACCENT_COLOR_NAME = AccentColor;
				CODE_SIGN_STYLE = Automatic;
				CURRENT_PROJECT_VERSION = 1;
				DEVELOPMENT_TEAM = 3SK7T236DP;
				GENERATE_INFOPLIST_FILE = YES;
				INFOPLIST_FILE = Prework/Info.plist;
				INFOPLIST_KEY_UIApplicationSupportsIndirectInputEvents = YES;
				INFOPLIST_KEY_UILaunchStoryboardName = LaunchScreen;
				INFOPLIST_KEY_UIMainStoryboardFile = Main;
				INFOPLIST_KEY_UISupportedInterfaceOrientations_iPad = "UIInterfaceOrientationPortrait UIInterfaceOrientationPortraitUpsideDown UIInterfaceOrientationLandscapeLeft UIInterfaceOrientationLandscapeRight";
				INFOPLIST_KEY_UISupportedInterfaceOrientations_iPhone = "UIInterfaceOrientationPortrait UIInterfaceOrientationLandscapeLeft UIInterfaceOrientationLandscapeRight";
				LD_RUNPATH_SEARCH_PATHS = (
					"$(inherited)",
					"@executable_path/Frameworks",
				);
				MARKETING_VERSION = 1.0;
				PRODUCT_BUNDLE_IDENTIFIER = "Rachel-Liao.Prework";
				PRODUCT_NAME = "$(TARGET_NAME)";
				SWIFT_EMIT_LOC_STRINGS = YES;
				SWIFT_VERSION = 5.0;
				TARGETED_DEVICE_FAMILY = "1,2";
			};
			name = Debug;
		};
		8F145F5528B04EF100E4D1BE /* Release */ = {
			isa = XCBuildConfiguration;
			buildSettings = {
				ASSETCATALOG_COMPILER_APPICON_NAME = AppIcon;
				ASSETCATALOG_COMPILER_GLOBAL_ACCENT_COLOR_NAME = AccentColor;
				CODE_SIGN_STYLE = Automatic;
				CURRENT_PROJECT_VERSION = 1;
				DEVELOPMENT_TEAM = 3SK7T236DP;
				GENERATE_INFOPLIST_FILE = YES;
				INFOPLIST_FILE = Prework/Info.plist;
				INFOPLIST_KEY_UIApplicationSupportsIndirectInputEvents = YES;
				INFOPLIST_KEY_UILaunchStoryboardName = LaunchScreen;
				INFOPLIST_KEY_UIMainStoryboardFile = Main;
				INFOPLIST_KEY_UISupportedInterfaceOrientations_iPad = "UIInterfaceOrientationPortrait UIInterfaceOrientationPortraitUpsideDown UIInterfaceOrientationLandscapeLeft UIInterfaceOrientationLandscapeRight";
				INFOPLIST_KEY_UISupportedInterfaceOrientations_iPhone = "UIInterfaceOrientationPortrait UIInterfaceOrientationLandscapeLeft UIInterfaceOrientationLandscapeRight";
				LD_RUNPATH_SEARCH_PATHS = (
					"$(inherited)",
					"@executable_path/Frameworks",
				);
				MARKETING_VERSION = 1.0;
				PRODUCT_BUNDLE_IDENTIFIER = "Rachel-Liao.Prework";
				PRODUCT_NAME = "$(TARGET_NAME)";
				SWIFT_EMIT_LOC_STRINGS = YES;
				SWIFT_VERSION = 5.0;
				TARGETED_DEVICE_FAMILY = "1,2";
			};
			name = Release;
		};
		8F145F5728B04EF100E4D1BE /* Debug */ = {
			isa = XCBuildConfiguration;
			buildSettings = {
				ALWAYS_EMBED_SWIFT_STANDARD_LIBRARIES = YES;
				BUNDLE_LOADER = "$(TEST_HOST)";
				CODE_SIGN_STYLE = Automatic;
				CURRENT_PROJECT_VERSION = 1;
				GENERATE_INFOPLIST_FILE = YES;
				IPHONEOS_DEPLOYMENT_TARGET = 15.5;
				MARKETING_VERSION = 1.0;
				PRODUCT_BUNDLE_IDENTIFIER = "Rachel-Liao.PreworkTests";
				PRODUCT_NAME = "$(TARGET_NAME)";
				SWIFT_EMIT_LOC_STRINGS = NO;
				SWIFT_VERSION = 5.0;
				TARGETED_DEVICE_FAMILY = "1,2";
				TEST_HOST = "$(BUILT_PRODUCTS_DIR)/Prework.app/Prework";
			};
			name = Debug;
		};
		8F145F5828B04EF100E4D1BE /* Release */ = {
			isa = XCBuildConfiguration;
			buildSettings = {
				ALWAYS_EMBED_SWIFT_STANDARD_LIBRARIES = YES;
				BUNDLE_LOADER = "$(TEST_HOST)";
				CODE_SIGN_STYLE = Automatic;
				CURRENT_PROJECT_VERSION = 1;
				GENERATE_INFOPLIST_FILE = YES;
				IPHONEOS_DEPLOYMENT_TARGET = 15.5;
				MARKETING_VERSION = 1.0;
				PRODUCT_BUNDLE_IDENTIFIER = "Rachel-Liao.PreworkTests";
				PRODUCT_NAME = "$(TARGET_NAME)";
				SWIFT_EMIT_LOC_STRINGS = NO;
				SWIFT_VERSION = 5.0;
				TARGETED_DEVICE_FAMILY = "1,2";
				TEST_HOST = "$(BUILT_PRODUCTS_DIR)/Prework.app/Prework";
			};
			name = Release;
		};
		8F145F5A28B04EF100E4D1BE /* Debug */ = {
			isa = XCBuildConfiguration;
			buildSettings = {
				ALWAYS_EMBED_SWIFT_STANDARD_LIBRARIES = YES;
				CODE_SIGN_STYLE = Automatic;
				CURRENT_PROJECT_VERSION = 1;
				GENERATE_INFOPLIST_FILE = YES;
				MARKETING_VERSION = 1.0;
				PRODUCT_BUNDLE_IDENTIFIER = "Rachel-Liao.PreworkUITests";
				PRODUCT_NAME = "$(TARGET_NAME)";
				SWIFT_EMIT_LOC_STRINGS = NO;
				SWIFT_VERSION = 5.0;
				TARGETED_DEVICE_FAMILY = "1,2";
				TEST_TARGET_NAME = Prework;
			};
			name = Debug;
		};
		8F145F5B28B04EF100E4D1BE /* Release */ = {
			isa = XCBuildConfiguration;
			buildSettings = {
				ALWAYS_EMBED_SWIFT_STANDARD_LIBRARIES = YES;
				CODE_SIGN_STYLE = Automatic;
				CURRENT_PROJECT_VERSION = 1;
				GENERATE_INFOPLIST_FILE = YES;
				MARKETING_VERSION = 1.0;
				PRODUCT_BUNDLE_IDENTIFIER = "Rachel-Liao.PreworkUITests";
				PRODUCT_NAME = "$(TARGET_NAME)";
				SWIFT_EMIT_LOC_STRINGS = NO;
				SWIFT_VERSION = 5.0;
				TARGETED_DEVICE_FAMILY = "1,2";
				TEST_TARGET_NAME = Prework;
			};
			name = Release;
		};
/* End XCBuildConfiguration section */

/* Begin XCConfigurationList section */
		8F145F2428B04EEE00E4D1BE /* Build configuration list for PBXProject "Prework" */ = {
			isa = XCConfigurationList;
			buildConfigurations = (
				8F145F5128B04EF100E4D1BE /* Debug */,
				8F145F5228B04EF100E4D1BE /* Release */,
			);
			defaultConfigurationIsVisible = 0;
			defaultConfigurationName = Release;
		};
		8F145F5328B04EF100E4D1BE /* Build configuration list for PBXNativeTarget "Prework" */ = {
			isa = XCConfigurationList;
			buildConfigurations = (
				8F145F5428B04EF100E4D1BE /* Debug */,
				8F145F5528B04EF100E4D1BE /* Release */,
			);
			defaultConfigurationIsVisible = 0;
			defaultConfigurationName = Release;
		};
		8F145F5628B04EF100E4D1BE /* Build configuration list for PBXNativeTarget "PreworkTests" */ = {
			isa = XCConfigurationList;
			buildConfigurations = (
				8F145F5728B04EF100E4D1BE /* Debug */,
				8F145F5828B04EF100E4D1BE /* Release */,
			);
			defaultConfigurationIsVisible = 0;
			defaultConfigurationName = Release;
		};
		8F145F5928B04EF100E4D1BE /* Build configuration list for PBXNativeTarget "PreworkUITests" */ = {
			isa = XCConfigurationList;
			buildConfigurations = (
				8F145F5A28B04EF100E4D1BE /* Debug */,
				8F145F5B28B04EF100E4D1BE /* Release */,
			);
			defaultConfigurationIsVisible = 0;
			defaultConfigurationName = Release;
		};
/* End XCConfigurationList section */
	};
	rootObject = 8F145F2128B04EEE00E4D1BE /* Project object */;
}
